<?xml version="1.0" encoding="UTF-8" standalone="yes" ?>
<CodeBlocks_project_file>
	<FileVersion major="1" minor="6" />
	<Project>
		<Option title="SE" />
		<Option pch_mode="2" />
		<Option compiler="gcc" />
		<Build>
			<Target title="Debug">
				<Option output="bin/Debug/SE" prefix_auto="1" extension_auto="1" />
				<Option object_output="obj/Debug/" />
				<Option type="1" />
				<Option compiler="gcc" />
				<Compiler>
					<Add option="-g" />
				</Compiler>
			</Target>
			<Target title="Release">
				<Option output="bin/Release/SE" prefix_auto="1" extension_auto="1" />
				<Option object_output="obj/Release/" />
				<Option type="1" />
				<Option compiler="gcc" />
				<Compiler>
					<Add option="-O2" />
				</Compiler>
				<Linker>
					<Add option="-s" />
				</Linker>
			</Target>
		</Build>
		<Compiler>
			<Add option="-Wall" />
			<Add option="-fexceptions" />
		</Compiler>
		<Unit filename="analyzer/Analyzer.h" />
		<Unit filename="analyzer/StandardAnalyzer.h" />
		<Unit filename="analyzer/Token.h" />
		<Unit filename="analyzer/WhitespaceAnalyzer.h" />
		<Unit filename="document/Document.h" />
		<Unit filename="document/IindexIfstream.h" />
		<Unit filename="document/IndexSearcher.h" />
		<Unit filename="document/IndexWriter.h" />
		<Unit filename="document/InvertedIndex.h" />
		<Unit filename="document/Posting.h" />
		<Unit filename="document/ScoreDoc.h" />
		<Unit filename="document/StoredField.h" />
		<Unit filename="document/StoredIfstream.h" />
		<Unit filename="document/TextField.h" />
		<Unit filename="main.cpp" />
		<Unit filename="query/BooleanQuery.h" />
		<Unit filename="query/PhraseQuery.h" />
		<Unit filename="query/Query.h" />
		<Unit filename="query/QueryParser.h" />
		<Unit filename="query/TermQuery.h" />
		<Unit filename="scorer/ConjunctionScorer.h" />
		<Unit filename="scorer/DisjunctionScorer.h" />
		<Unit filename="scorer/PhraseScorer.h" />
		<Unit filename="scorer/ReqExclScorer.h" />
		<Unit filename="scorer/ReqOptScorer.h" />
		<Unit filename="scorer/Scorer.h" />
		<Unit filename="scorer/TermScorer.h" />
		<Unit filename="test/fileTest.cpp" />
		<Unit filename="test/simpleTest.cpp" />
		<Unit filename="test/test.h" />
		<Unit filename="util/fs.cpp" />
		<Unit filename="util/fs.h" />
		<Extensions>
			<code_completion />
			<envvars />
			<debugger />
			<lib_finder disable_auto="1" />
		</Extensions>
	</Project>
</CodeBlocks_project_file>
